
Microsoft Visual Studio Solution File, Format Version 12.00
# Visual Studio 15
VisualStudioVersion = 15.0.28010.2026
MinimumVisualStudioVersion = 10.0.40219.1
Project("{9A19103F-16F7-4668-BE54-9A1E7A4F7556}") = "Coordinates.Core", "Coordinates.Core\Coordinates.Core.csproj", "{1AB64685-9585-423F-B493-B92B6DAF8E27}"
EndProject
Project("{FAE04EC0-301F-11D3-BF4B-00C04F79EFBC}") = "Coordinates.Tests", "Coordinates.Tests\Coordinates.Tests.csproj", "{BB9202C1-B255-4F7D-8B1B-919CD2876A1B}"
EndProject
Global
	GlobalSection(SolutionConfigurationPlatforms) = preSolution
		Debug|Any CPU = Debug|Any CPU
		Release|Any CPU = Release|Any CPU
	EndGlobalSection
	GlobalSection(ProjectConfigurationPlatforms) = postSolution
		{1AB64685-9585-423F-B493-B92B6DAF8E27}.Debug|Any CPU.ActiveCfg = Debug|Any CPU
		{1AB64685-9585-423F-B493-B92B6DAF8E27}.Debug|Any CPU.Build.0 = Debug|Any CPU
		{1AB64685-9585-423F-B493-B92B6DAF8E27}.Release|Any CPU.ActiveCfg = Release|Any CPU
		{1AB64685-9585-423F-B493-B92B6DAF8E27}.Release|Any CPU.Build.0 = Release|Any CPU
		{BB9202C1-B255-4F7D-8B1B-919CD2876A1B}.Debug|Any CPU.ActiveCfg = Debug|Any CPU
		{BB9202C1-B255-4F7D-8B1B-919CD2876A1B}.Debug|Any CPU.Build.0 = Debug|Any CPU
		{BB9202C1-B255-4F7D-8B1B-919CD2876A1B}.Release|Any CPU.ActiveCfg = Release|Any CPU
		{BB9202C1-B255-4F7D-8B1B-919CD2876A1B}.Release|Any CPU.Build.0 = Release|Any CPU
	EndGlobalSection
	GlobalSection(SolutionProperties) = preSolution
		HideSolutionNode = FALSE
	EndGlobalSection
	GlobalSection(ExtensibilityGlobals) = postSolution
		SolutionGuid = {28A38907-CF0A-4CDA-A7FE-1C9F4D27BA95}
	EndGlobalSection
EndGlobal
